
Microsoft Visual Studio Solution File, Format Version 12.00
# Visual Studio Version 17
VisualStudioVersion = 17.11.35327.3
MinimumVisualStudioVersion = 10.0.40219.1
Project("{FAE04EC0-301F-11D3-BF4B-00C04F79EFBC}") = "Problema_1", "Problema_1\Problema_1.csproj", "{DC6C56D5-938E-4E6B-B0A0-BB9134D7E682}"
EndProject
Global
	GlobalSection(SolutionConfigurationPlatforms) = preSolution
		Debug|Any CPU = Debug|Any CPU
		Release|Any CPU = Release|Any CPU
	EndGlobalSection
	GlobalSection(ProjectConfigurationPlatforms) = postSolution
		{DC6C56D5-938E-4E6B-B0A0-BB9134D7E682}.Debug|Any CPU.ActiveCfg = Debug|Any CPU
		{DC6C56D5-938E-4E6B-B0A0-BB9134D7E682}.Debug|Any CPU.Build.0 = Debug|Any CPU
		{DC6C56D5-938E-4E6B-B0A0-BB9134D7E682}.Release|Any CPU.ActiveCfg = Release|Any CPU
		{DC6C56D5-938E-4E6B-B0A0-BB9134D7E682}.Release|Any CPU.Build.0 = Release|Any CPU
	EndGlobalSection
	GlobalSection(SolutionProperties) = preSolution
		HideSolutionNode = FALSE
	EndGlobalSection
	GlobalSection(ExtensibilityGlobals) = postSolution
		SolutionGuid = {3ACA5349-1107-4F61-BAB3-3133568CFF08}
	EndGlobalSection
EndGlobal
