
Microsoft Visual Studio Solution File, Format Version 12.00
# Visual Studio Version 17
VisualStudioVersion = 17.11.35327.3
MinimumVisualStudioVersion = 10.0.40219.1
Project("{FAE04EC0-301F-11D3-BF4B-00C04F79EFBC}") = "Problema_4", "Problema_4\Problema_4.csproj", "{19AB1045-E0BE-40AF-BD56-7FE3B98975E5}"
EndProject
Global
	GlobalSection(SolutionConfigurationPlatforms) = preSolution
		Debug|Any CPU = Debug|Any CPU
		Release|Any CPU = Release|Any CPU
	EndGlobalSection
	GlobalSection(ProjectConfigurationPlatforms) = postSolution
		{19AB1045-E0BE-40AF-BD56-7FE3B98975E5}.Debug|Any CPU.ActiveCfg = Debug|Any CPU
		{19AB1045-E0BE-40AF-BD56-7FE3B98975E5}.Debug|Any CPU.Build.0 = Debug|Any CPU
		{19AB1045-E0BE-40AF-BD56-7FE3B98975E5}.Release|Any CPU.ActiveCfg = Release|Any CPU
		{19AB1045-E0BE-40AF-BD56-7FE3B98975E5}.Release|Any CPU.Build.0 = Release|Any CPU
	EndGlobalSection
	GlobalSection(SolutionProperties) = preSolution
		HideSolutionNode = FALSE
	EndGlobalSection
	GlobalSection(ExtensibilityGlobals) = postSolution
		SolutionGuid = {79403AF9-310B-4CB9-84CA-0E0A6AF457D3}
	EndGlobalSection
EndGlobal
