
Microsoft Visual Studio Solution File, Format Version 12.00
# Visual Studio Version 17
VisualStudioVersion = 17.11.35327.3
MinimumVisualStudioVersion = 10.0.40219.1
Project("{FAE04EC0-301F-11D3-BF4B-00C04F79EFBC}") = "Problema_16", "Problema_16\Problema_16.csproj", "{FB3845CF-7C1D-490E-8E8B-2B56748D4D4C}"
EndProject
Global
	GlobalSection(SolutionConfigurationPlatforms) = preSolution
		Debug|Any CPU = Debug|Any CPU
		Release|Any CPU = Release|Any CPU
	EndGlobalSection
	GlobalSection(ProjectConfigurationPlatforms) = postSolution
		{FB3845CF-7C1D-490E-8E8B-2B56748D4D4C}.Debug|Any CPU.ActiveCfg = Debug|Any CPU
		{FB3845CF-7C1D-490E-8E8B-2B56748D4D4C}.Debug|Any CPU.Build.0 = Debug|Any CPU
		{FB3845CF-7C1D-490E-8E8B-2B56748D4D4C}.Release|Any CPU.ActiveCfg = Release|Any CPU
		{FB3845CF-7C1D-490E-8E8B-2B56748D4D4C}.Release|Any CPU.Build.0 = Release|Any CPU
	EndGlobalSection
	GlobalSection(SolutionProperties) = preSolution
		HideSolutionNode = FALSE
	EndGlobalSection
	GlobalSection(ExtensibilityGlobals) = postSolution
		SolutionGuid = {AC063792-4C37-42FE-8317-9D5C969DF915}
	EndGlobalSection
EndGlobal
