
Microsoft Visual Studio Solution File, Format Version 12.00
# Visual Studio Version 17
VisualStudioVersion = 17.11.35327.3
MinimumVisualStudioVersion = 10.0.40219.1
Project("{FAE04EC0-301F-11D3-BF4B-00C04F79EFBC}") = "Problema_8", "Problema_8\Problema_8.csproj", "{E57E2B75-8F7D-42E7-9F2A-EE74AAECEDA7}"
EndProject
Global
	GlobalSection(SolutionConfigurationPlatforms) = preSolution
		Debug|Any CPU = Debug|Any CPU
		Release|Any CPU = Release|Any CPU
	EndGlobalSection
	GlobalSection(ProjectConfigurationPlatforms) = postSolution
		{E57E2B75-8F7D-42E7-9F2A-EE74AAECEDA7}.Debug|Any CPU.ActiveCfg = Debug|Any CPU
		{E57E2B75-8F7D-42E7-9F2A-EE74AAECEDA7}.Debug|Any CPU.Build.0 = Debug|Any CPU
		{E57E2B75-8F7D-42E7-9F2A-EE74AAECEDA7}.Release|Any CPU.ActiveCfg = Release|Any CPU
		{E57E2B75-8F7D-42E7-9F2A-EE74AAECEDA7}.Release|Any CPU.Build.0 = Release|Any CPU
	EndGlobalSection
	GlobalSection(SolutionProperties) = preSolution
		HideSolutionNode = FALSE
	EndGlobalSection
	GlobalSection(ExtensibilityGlobals) = postSolution
		SolutionGuid = {EDB59CD8-BEB8-44E8-828F-04A257AC93AC}
	EndGlobalSection
EndGlobal
